
Microsoft Visual Studio Solution File, Format Version 12.00
# Visual Studio 2012
Project("{FAE04EC0-301F-11D3-BF4B-00C04F79EFBC}") = "HiddenMarkovModel", "HiddenMarkovModel.csproj", "{B629DEA6-B188-433B-B379-C79E360C4E89}"
EndProject
Project("{FAE04EC0-301F-11D3-BF4B-00C04F79EFBC}") = "HiddenMarkovModelTests", "HiddenMarkovModelTests\HiddenMarkovModelTests.csproj", "{DC3FC3EC-9572-40C3-A90F-431B4FD0789C}"
EndProject
Global
	GlobalSection(SolutionConfigurationPlatforms) = preSolution
		Debug|Any CPU = Debug|Any CPU
		Release|Any CPU = Release|Any CPU
	EndGlobalSection
	GlobalSection(ProjectConfigurationPlatforms) = postSolution
		{B629DEA6-B188-433B-B379-C79E360C4E89}.Debug|Any CPU.ActiveCfg = Debug|Any CPU
		{B629DEA6-B188-433B-B379-C79E360C4E89}.Debug|Any CPU.Build.0 = Debug|Any CPU
		{B629DEA6-B188-433B-B379-C79E360C4E89}.Release|Any CPU.ActiveCfg = Release|Any CPU
		{B629DEA6-B188-433B-B379-C79E360C4E89}.Release|Any CPU.Build.0 = Release|Any CPU
		{DC3FC3EC-9572-40C3-A90F-431B4FD0789C}.Debug|Any CPU.ActiveCfg = Debug|Any CPU
		{DC3FC3EC-9572-40C3-A90F-431B4FD0789C}.Debug|Any CPU.Build.0 = Debug|Any CPU
		{DC3FC3EC-9572-40C3-A90F-431B4FD0789C}.Release|Any CPU.ActiveCfg = Release|Any CPU
		{DC3FC3EC-9572-40C3-A90F-431B4FD0789C}.Release|Any CPU.Build.0 = Release|Any CPU
	EndGlobalSection
	GlobalSection(SolutionProperties) = preSolution
		HideSolutionNode = FALSE
	EndGlobalSection
EndGlobal
